// !$*UTF8*$!
{
	archiveVersion = 1;
	classes = {
	};
	objectVersion = 50;
	objects = {

/* Begin PBXBuildFile section */
		4CA33E1920CD1D53000E2C34 /* AppDelegate.swift in Sources */ = {isa = PBXBuildFile; fileRef = 4CA33E1820CD1D53000E2C34 /* AppDelegate.swift */; };
		4CA33E1B20CD1D53000E2C34 /* ViewController.swift in Sources */ = {isa = PBXBuildFile; fileRef = 4CA33E1A20CD1D53000E2C34 /* ViewController.swift */; };
		4CA33E1E20CD1D53000E2C34 /* Main.storyboard in Resources */ = {isa = PBXBuildFile; fileRef = 4CA33E1C20CD1D53000E2C34 /* Main.storyboard */; };
		4CA33E2020CD1D54000E2C34 /* Assets.xcassets in Resources */ = {isa = PBXBuildFile; fileRef = 4CA33E1F20CD1D54000E2C34 /* Assets.xcassets */; };
		4CA33E2320CD1D54000E2C34 /* LaunchScreen.storyboard in Resources */ = {isa = PBXBuildFile; fileRef = 4CA33E2120CD1D54000E2C34 /* LaunchScreen.storyboard */; };
		4CA33E4320CD4AAB000E2C34 /* CustomizedScannerView.swift in Sources */ = {isa = PBXBuildFile; fileRef = 4CA33E4220CD4AAB000E2C34 /* CustomizedScannerView.swift */; };
		4CD4A53520CE68750035E7BD /* PKHUD.framework in Frameworks */ = {isa = PBXBuildFile; fileRef = 4CD4A52C20CE684C0035E7BD /* PKHUD.framework */; };
		4CD4A53620CE68750035E7BD /* PKHUD.framework in Embed Frameworks */ = {isa = PBXBuildFile; fileRef = 4CD4A52C20CE684C0035E7BD /* PKHUD.framework */; settings = {ATTRIBUTES = (CodeSignOnCopy, RemoveHeadersOnCopy, ); }; };
		4CD4A53720CE68750035E7BD /* QRCodeReader.framework in Frameworks */ = {isa = PBXBuildFile; fileRef = 4CD4A52D20CE684D0035E7BD /* QRCodeReader.framework */; };
		4CD4A53820CE68750035E7BD /* QRCodeReader.framework in Embed Frameworks */ = {isa = PBXBuildFile; fileRef = 4CD4A52D20CE684D0035E7BD /* QRCodeReader.framework */; settings = {ATTRIBUTES = (CodeSignOnCopy, RemoveHeadersOnCopy, ); }; };
/* End PBXBuildFile section */

/* Begin PBXCopyFilesBuildPhase section */
		4CD4A53920CE68750035E7BD /* Embed Frameworks */ = {
			isa = PBXCopyFilesBuildPhase;
			buildActionMask = 2147483647;
			dstPath = "";
			dstSubfolderSpec = 10;
			files = (
				4CD4A53620CE68750035E7BD /* PKHUD.framework in Embed Frameworks */,
				4CD4A53820CE68750035E7BD /* QRCodeReader.framework in Embed Frameworks */,
			);
			name = "Embed Frameworks";
			runOnlyForDeploymentPostprocessing = 0;
		};
/* End PBXCopyFilesBuildPhase section */

/* Begin PBXFileReference section */
		4CA33E1520CD1D53000E2C34 /* BlockchainQRScanner.app */ = {isa = PBXFileReference; explicitFileType = wrapper.application; includeInIndex = 0; path = BlockchainQRScanner.app; sourceTree = BUILT_PRODUCTS_DIR; };
		4CA33E1820CD1D53000E2C34 /* AppDelegate.swift */ = {isa = PBXFileReference; lastKnownFileType = sourcecode.swift; path = AppDelegate.swift; sourceTree = "<group>"; };
		4CA33E1A20CD1D53000E2C34 /* ViewController.swift */ = {isa = PBXFileReference; lastKnownFileType = sourcecode.swift; path = ViewController.swift; sourceTree = "<group>"; };
		4CA33E1D20CD1D53000E2C34 /* Base */ = {isa = PBXFileReference; lastKnownFileType = file.storyboard; name = Base; path = Base.lproj/Main.storyboard; sourceTree = "<group>"; };
		4CA33E1F20CD1D54000E2C34 /* Assets.xcassets */ = {isa = PBXFileReference; lastKnownFileType = folder.assetcatalog; path = Assets.xcassets; sourceTree = "<group>"; };
		4CA33E2220CD1D54000E2C34 /* Base */ = {isa = PBXFileReference; lastKnownFileType = file.storyboard; name = Base; path = Base.lproj/LaunchScreen.storyboard; sourceTree = "<group>"; };
		4CA33E2420CD1D54000E2C34 /* Info.plist */ = {isa = PBXFileReference; lastKnownFileType = text.plist.xml; path = Info.plist; sourceTree = "<group>"; };
		4CA33E4220CD4AAB000E2C34 /* CustomizedScannerView.swift */ = {isa = PBXFileReference; lastKnownFileType = sourcecode.swift; path = CustomizedScannerView.swift; sourceTree = "<group>"; };
		4CD4A52C20CE684C0035E7BD /* PKHUD.framework */ = {isa = PBXFileReference; lastKnownFileType = wrapper.framework; name = PKHUD.framework; path = Carthage/Build/iOS/PKHUD.framework; sourceTree = "<group>"; };
		4CD4A52D20CE684D0035E7BD /* QRCodeReader.framework */ = {isa = PBXFileReference; lastKnownFileType = wrapper.framework; name = QRCodeReader.framework; path = Carthage/Build/iOS/QRCodeReader.framework; sourceTree = "<group>"; };
/* End PBXFileReference section */

/* Begin PBXFrameworksBuildPhase section */
		4CA33E1220CD1D53000E2C34 /* Frameworks */ = {
			isa = PBXFrameworksBuildPhase;
			buildActionMask = 2147483647;
			files = (
				4CD4A53520CE68750035E7BD /* PKHUD.framework in Frameworks */,
				4CD4A53720CE68750035E7BD /* QRCodeReader.framework in Frameworks */,
			);
			runOnlyForDeploymentPostprocessing = 0;
		};
/* End PBXFrameworksBuildPhase section */

/* Begin PBXGroup section */
		4CA33E0C20CD1D53000E2C34 = {
			isa = PBXGroup;
			children = (
				4CA33E1720CD1D53000E2C34 /* BlockchainQRScanner */,
				4CA33E1620CD1D53000E2C34 /* Products */,
				4CA33EF820CD5287000E2C34 /* Frameworks */,
			);
			sourceTree = "<group>";
		};
		4CA33E1620CD1D53000E2C34 /* Products */ = {
			isa = PBXGroup;
			children = (
				4CA33E1520CD1D53000E2C34 /* BlockchainQRScanner.app */,
			);
			name = Products;
			sourceTree = "<group>";
		};
		4CA33E1720CD1D53000E2C34 /* BlockchainQRScanner */ = {
			isa = PBXGroup;
			children = (
				4CA33E1820CD1D53000E2C34 /* AppDelegate.swift */,
				4CA33E1A20CD1D53000E2C34 /* ViewController.swift */,
				4CA33E1C20CD1D53000E2C34 /* Main.storyboard */,
				4CA33E1F20CD1D54000E2C34 /* Assets.xcassets */,
				4CA33E2120CD1D54000E2C34 /* LaunchScreen.storyboard */,
				4CA33E2420CD1D54000E2C34 /* Info.plist */,
				4CA33E4220CD4AAB000E2C34 /* CustomizedScannerView.swift */,
			);
			path = BlockchainQRScanner;
			sourceTree = "<group>";
		};
		4CA33EF820CD5287000E2C34 /* Frameworks */ = {
			isa = PBXGroup;
			children = (
				4CD4A52C20CE684C0035E7BD /* PKHUD.framework */,
				4CD4A52D20CE684D0035E7BD /* QRCodeReader.framework */,
			);
			name = Frameworks;
			sourceTree = "<group>";
		};
/* End PBXGroup section */

/* Begin PBXNativeTarget section */
		4CA33E1420CD1D53000E2C34 /* BlockchainQRScanner */ = {
			isa = PBXNativeTarget;
			buildConfigurationList = 4CA33E2720CD1D54000E2C34 /* Build configuration list for PBXNativeTarget "BlockchainQRScanner" */;
			buildPhases = (
				4CA33E1120CD1D53000E2C34 /* Sources */,
				4CA33E1220CD1D53000E2C34 /* Frameworks */,
				4CA33E1320CD1D53000E2C34 /* Resources */,
				4CD4A53920CE68750035E7BD /* Embed Frameworks */,
			);
			buildRules = (
			);
			dependencies = (
			);
			name = BlockchainQRScanner;
			productName = BlockchainQRScanner;
			productReference = 4CA33E1520CD1D53000E2C34 /* BlockchainQRScanner.app */;
			productType = "com.apple.product-type.application";
		};
/* End PBXNativeTarget section */

/* Begin PBXProject section */
		4CA33E0D20CD1D53000E2C34 /* Project object */ = {
			isa = PBXProject;
			attributes = {
				LastSwiftUpdateCheck = 0940;
				LastUpgradeCheck = 0940;
				ORGANIZATIONNAME = abclab;
				TargetAttributes = {
					4CA33E1420CD1D53000E2C34 = {
						CreatedOnToolsVersion = 9.4;
					};
				};
			};
			buildConfigurationList = 4CA33E1020CD1D53000E2C34 /* Build configuration list for PBXProject "BlockchainQRScanner" */;
			compatibilityVersion = "Xcode 9.3";
			developmentRegion = en;
			hasScannedForEncodings = 0;
			knownRegions = (
				en,
				Base,
			);
			mainGroup = 4CA33E0C20CD1D53000E2C34;
			productRefGroup = 4CA33E1620CD1D53000E2C34 /* Products */;
			projectDirPath = "";
			projectRoot = "";
			targets = (
				4CA33E1420CD1D53000E2C34 /* BlockchainQRScanner */,
			);
		};
/* End PBXProject section */

/* Begin PBXResourcesBuildPhase section */
		4CA33E1320CD1D53000E2C34 /* Resources */ = {
			isa = PBXResourcesBuildPhase;
			buildActionMask = 2147483647;
			files = (
				4CA33E2320CD1D54000E2C34 /* LaunchScreen.storyboard in Resources */,
				4CA33E2020CD1D54000E2C34 /* Assets.xcassets in Resources */,
				4CA33E1E20CD1D53000E2C34 /* Main.storyboard in Resources */,
			);
			runOnlyForDeploymentPostprocessing = 0;
		};
/* End PBXResourcesBuildPhase section */

/* Begin PBXSourcesBuildPhase section */
		4CA33E1120CD1D53000E2C34 /* Sources */ = {
			isa = PBXSourcesBuildPhase;
			buildActionMask = 2147483647;
			files = (
				4CA33E4320CD4AAB000E2C34 /* CustomizedScannerView.swift in Sources */,
				4CA33E1B20CD1D53000E2C34 /* ViewController.swift in Sources */,
				4CA33E1920CD1D53000E2C34 /* AppDelegate.swift in Sources */,
			);
			runOnlyForDeploymentPostprocessing = 0;
		};
/* End PBXSourcesBuildPhase section */

/* Begin PBXVariantGroup section */
		4CA33E1C20CD1D53000E2C34 /* Main.storyboard */ = {
			isa = PBXVariantGroup;
			children = (
				4CA33E1D20CD1D53000E2C34 /* Base */,
			);
			name = Main.storyboard;
			sourceTree = "<group>";
		};
		4CA33E2120CD1D54000E2C34 /* LaunchScreen.storyboard */ = {
			isa = PBXVariantGroup;
			children = (
				4CA33E2220CD1D54000E2C34 /* Base */,
			);
			name = LaunchScreen.storyboard;
			sourceTree = "<group>";
		};
/* End PBXVariantGroup section */

/* Begin XCBuildConfiguration section */
		4CA33E2520CD1D54000E2C34 /* Debug */ = {
			isa = XCBuildConfiguration;
			buildSettings = {
				ALWAYS_SEARCH_USER_PATHS = NO;
				CLANG_ANALYZER_NONNULL = YES;
				CLANG_ANALYZER_NUMBER_OBJECT_CONVERSION = YES_AGGRESSIVE;
				CLANG_CXX_LANGUAGE_STANDARD = "gnu++14";
				CLANG_CXX_LIBRARY = "libc++";
				CLANG_ENABLE_MODULES = YES;
				CLANG_ENABLE_OBJC_ARC = YES;
				CLANG_ENABLE_OBJC_WEAK = YES;
				CLANG_WARN_BLOCK_CAPTURE_AUTORELEASING = YES;
				CLANG_WARN_BOOL_CONVERSION = YES;
				CLANG_WARN_COMMA = YES;
				CLANG_WARN_CONSTANT_CONVERSION = YES;
				CLANG_WARN_DEPRECATED_OBJC_IMPLEMENTATIONS = YES;
				CLANG_WARN_DIRECT_OBJC_ISA_USAGE = YES_ERROR;
				CLANG_WARN_DOCUMENTATION_COMMENTS = YES;
				CLANG_WARN_EMPTY_BODY = YES;
				CLANG_WARN_ENUM_CONVERSION = YES;
				CLANG_WARN_INFINITE_RECURSION = YES;
				CLANG_WARN_INT_CONVERSION = YES;
				CLANG_WARN_NON_LITERAL_NULL_CONVERSION = YES;
				CLANG_WARN_OBJC_IMPLICIT_RETAIN_SELF = YES;
				CLANG_WARN_OBJC_LITERAL_CONVERSION = YES;
				CLANG_WARN_OBJC_ROOT_CLASS = YES_ERROR;
				CLANG_WARN_RANGE_LOOP_ANALYSIS = YES;
				CLANG_WARN_STRICT_PROTOTYPES = YES;
				CLANG_WARN_SUSPICIOUS_MOVE = YES;
				CLANG_WARN_UNGUARDED_AVAILABILITY = YES_AGGRESSIVE;
				CLANG_WARN_UNREACHABLE_CODE = YES;
				CLANG_WARN__DUPLICATE_METHOD_MATCH = YES;
				CODE_SIGN_IDENTITY = "iPhone Developer";
				COPY_PHASE_STRIP = NO;
				DEBUG_INFORMATION_FORMAT = dwarf;
				ENABLE_STRICT_OBJC_MSGSEND = YES;
				ENABLE_TESTABILITY = YES;
				GCC_C_LANGUAGE_STANDARD = gnu11;
				GCC_DYNAMIC_NO_PIC = NO;
				GCC_NO_COMMON_BLOCKS = YES;
				GCC_OPTIMIZATION_LEVEL = 0;
				GCC_PREPROCESSOR_DEFINITIONS = (
					"DEBUG=1",
					"$(inherited)",
				);
				GCC_WARN_64_TO_32_BIT_CONVERSION = YES;
				GCC_WARN_ABOUT_RETURN_TYPE = YES_ERROR;
				GCC_WARN_UNDECLARED_SELECTOR = YES;
				GCC_WARN_UNINITIALIZED_AUTOS = YES_AGGRESSIVE;
				GCC_WARN_UNUSED_FUNCTION = YES;
				GCC_WARN_UNUSED_VARIABLE = YES;
				IPHONEOS_DEPLOYMENT_TARGET = 11.0;
				MTL_ENABLE_DEBUG_INFO = YES;
				ONLY_ACTIVE_ARCH = YES;
				SDKROOT = iphoneos;
				SWIFT_ACTIVE_COMPILATION_CONDITIONS = DEBUG;
				SWIFT_OPTIMIZATION_LEVEL = "-Onone";
			};
			name = Debug;
		};
		4CA33E2620CD1D54000E2C34 /* Release */ = {
			isa = XCBuildConfiguration;
			buildSettings = {
				ALWAYS_SEARCH_USER_PATHS = NO;
				CLANG_ANALYZER_NONNULL = YES;
				CLANG_ANALYZER_NUMBER_OBJECT_CONVERSION = YES_AGGRESSIVE;
				CLANG_CXX_LANGUAGE_STANDARD = "gnu++14";
				CLANG_CXX_LIBRARY = "libc++";
				CLANG_ENABLE_MODULES = YES;
				CLANG_ENABLE_OBJC_ARC = YES;
				CLANG_ENABLE_OBJC_WEAK = YES;
				CLANG_WARN_BLOCK_CAPTURE_AUTORELEASING = YES;
				CLANG_WARN_BOOL_CONVERSION = YES;
				CLANG_WARN_COMMA = YES;
				CLANG_WARN_CONSTANT_CONVERSION = YES;
				CLANG_WARN_DEPRECATED_OBJC_IMPLEMENTATIONS = YES;
				CLANG_WARN_DIRECT_OBJC_ISA_USAGE = YES_ERROR;
				CLANG_WARN_DOCUMENTATION_COMMENTS = YES;
				CLANG_WARN_EMPTY_BODY = YES;
				CLANG_WARN_ENUM_CONVERSION = YES;
				CLANG_WARN_INFINITE_RECURSION = YES;
				CLANG_WARN_INT_CONVERSION = YES;
				CLANG_WARN_NON_LITERAL_NULL_CONVERSION = YES;
				CLANG_WARN_OBJC_IMPLICIT_RETAIN_SELF = YES;
				CLANG_WARN_OBJC_LITERAL_CONVERSION = YES;
				CLANG_WARN_OBJC_ROOT_CLASS = YES_ERROR;
				CLANG_WARN_RANGE_LOOP_ANALYSIS = YES;
				CLANG_WARN_STRICT_PROTOTYPES = YES;
				CLANG_WARN_SUSPICIOUS_MOVE = YES;
				CLANG_WARN_UNGUARDED_AVAILABILITY = YES_AGGRESSIVE;
				CLANG_WARN_UNREACHABLE_CODE = YES;
				CLANG_WARN__DUPLICATE_METHOD_MATCH = YES;
				CODE_SIGN_IDENTITY = "iPhone Developer";
				COPY_PHASE_STRIP = NO;
				DEBUG_INFORMATION_FORMAT = "dwarf-with-dsym";
				ENABLE_NS_ASSERTIONS = NO;
				ENABLE_STRICT_OBJC_MSGSEND = YES;
				GCC_C_LANGUAGE_STANDARD = gnu11;
				GCC_NO_COMMON_BLOCKS = YES;
				GCC_WARN_64_TO_32_BIT_CONVERSION = YES;
				GCC_WARN_ABOUT_RETURN_TYPE = YES_ERROR;
				GCC_WARN_UNDECLARED_SELECTOR = YES;
				GCC_WARN_UNINITIALIZED_AUTOS = YES_AGGRESSIVE;
				GCC_WARN_UNUSED_FUNCTION = YES;
				GCC_WARN_UNUSED_VARIABLE = YES;
				IPHONEOS_DEPLOYMENT_TARGET = 11.0;
				MTL_ENABLE_DEBUG_INFO = NO;
				SDKROOT = iphoneos;
				SWIFT_COMPILATION_MODE = wholemodule;
				SWIFT_OPTIMIZATION_LEVEL = "-O";
				VALIDATE_PRODUCT = YES;
			};
			name = Release;
		};
		4CA33E2820CD1D54000E2C34 /* Debug */ = {
			isa = XCBuildConfiguration;
			buildSettings = {
				ASSETCATALOG_COMPILER_APPICON_NAME = AppIcon;
				CODE_SIGN_STYLE = Automatic;
				DEVELOPMENT_TEAM = 6NWATQPH7P;
				FRAMEWORK_SEARCH_PATHS = (
					"$(inherited)",
					"$(PROJECT_DIR)/Carthage/Build/iOS",
				);
				INFOPLIST_FILE = BlockchainQRScanner/Info.plist;
				LD_RUNPATH_SEARCH_PATHS = (
					"$(inherited)",
					"@executable_path/Frameworks",
				);
				PRODUCT_BUNDLE_IDENTIFIER = edu.ntu.abclab.BlockchainQRScanner;
				PRODUCT_NAME = "$(TARGET_NAME)";
				SWIFT_VERSION = 4.0;
				TARGETED_DEVICE_FAMILY = "1,2";
			};
			name = Debug;
		};
		4CA33E2920CD1D54000E2C34 /* Release */ = {
			isa = XCBuildConfiguration;
			buildSettings = {
				ASSETCATALOG_COMPILER_APPICON_NAME = AppIcon;
				CODE_SIGN_STYLE = Automatic;
				DEVELOPMENT_TEAM = 6NWATQPH7P;
				FRAMEWORK_SEARCH_PATHS = (
					"$(inherited)",
					"$(PROJECT_DIR)/Carthage/Build/iOS",
				);
				INFOPLIST_FILE = BlockchainQRScanner/Info.plist;
				LD_RUNPATH_SEARCH_PATHS = (
					"$(inherited)",
					"@executable_path/Frameworks",
				);
				PRODUCT_BUNDLE_IDENTIFIER = edu.ntu.abclab.BlockchainQRScanner;
				PRODUCT_NAME = "$(TARGET_NAME)";
				SWIFT_VERSION = 4.0;
				TARGETED_DEVICE_FAMILY = "1,2";
			};
			name = Release;
		};
/* End XCBuildConfiguration section */

/* Begin XCConfigurationList section */
		4CA33E1020CD1D53000E2C34 /* Build configuration list for PBXProject "BlockchainQRScanner" */ = {
			isa = XCConfigurationList;
			buildConfigurations = (
				4CA33E2520CD1D54000E2C34 /* Debug */,
				4CA33E2620CD1D54000E2C34 /* Release */,
			);
			defaultConfigurationIsVisible = 0;
			defaultConfigurationName = Release;
		};
		4CA33E2720CD1D54000E2C34 /* Build configuration list for PBXNativeTarget "BlockchainQRScanner" */ = {
			isa = XCConfigurationList;
			buildConfigurations = (
				4CA33E2820CD1D54000E2C34 /* Debug */,
				4CA33E2920CD1D54000E2C34 /* Release */,
			);
			defaultConfigurationIsVisible = 0;
			defaultConfigurationName = Release;
		};
/* End XCConfigurationList section */
	};
	rootObject = 4CA33E0D20CD1D53000E2C34 /* Project object */;
}
